
Microsoft Visual Studio Solution File, Format Version 12.00
# Visual Studio Version 16
VisualStudioVersion = 16.0.30114.105
MinimumVisualStudioVersion = 10.0.40219.1
Project("{FAE04EC0-301F-11D3-BF4B-00C04F79EFBC}") = "API", "API\API.csproj", "{DE44791C-635A-4131-80A4-3EDD57299CC7}"
EndProject
Project("{FAE04EC0-301F-11D3-BF4B-00C04F79EFBC}") = "Core", "Core\Core.csproj", "{02D69802-8106-44D8-AAAB-FCA11339E52D}"
EndProject
Project("{FAE04EC0-301F-11D3-BF4B-00C04F79EFBC}") = "Infrastructure", "Infrastructure\Infrastructure.csproj", "{12DBD712-FF0D-41D7-B7F8-5EEB17965966}"
EndProject
Global
	GlobalSection(SolutionConfigurationPlatforms) = preSolution
		Debug|Any CPU = Debug|Any CPU
		Release|Any CPU = Release|Any CPU
	EndGlobalSection
	GlobalSection(SolutionProperties) = preSolution
		HideSolutionNode = FALSE
	EndGlobalSection
	GlobalSection(ProjectConfigurationPlatforms) = postSolution
		{DE44791C-635A-4131-80A4-3EDD57299CC7}.Debug|Any CPU.ActiveCfg = Debug|Any CPU
		{DE44791C-635A-4131-80A4-3EDD57299CC7}.Debug|Any CPU.Build.0 = Debug|Any CPU
		{DE44791C-635A-4131-80A4-3EDD57299CC7}.Release|Any CPU.ActiveCfg = Release|Any CPU
		{DE44791C-635A-4131-80A4-3EDD57299CC7}.Release|Any CPU.Build.0 = Release|Any CPU
		{02D69802-8106-44D8-AAAB-FCA11339E52D}.Debug|Any CPU.ActiveCfg = Debug|Any CPU
		{02D69802-8106-44D8-AAAB-FCA11339E52D}.Debug|Any CPU.Build.0 = Debug|Any CPU
		{02D69802-8106-44D8-AAAB-FCA11339E52D}.Release|Any CPU.ActiveCfg = Release|Any CPU
		{02D69802-8106-44D8-AAAB-FCA11339E52D}.Release|Any CPU.Build.0 = Release|Any CPU
		{12DBD712-FF0D-41D7-B7F8-5EEB17965966}.Debug|Any CPU.ActiveCfg = Debug|Any CPU
		{12DBD712-FF0D-41D7-B7F8-5EEB17965966}.Debug|Any CPU.Build.0 = Debug|Any CPU
		{12DBD712-FF0D-41D7-B7F8-5EEB17965966}.Release|Any CPU.ActiveCfg = Release|Any CPU
		{12DBD712-FF0D-41D7-B7F8-5EEB17965966}.Release|Any CPU.Build.0 = Release|Any CPU
	EndGlobalSection
EndGlobal
